
Microsoft Visual Studio Solution File, Format Version 12.00
# Visual Studio 2012
Project("{FAE04EC0-301F-11D3-BF4B-00C04F79EFBC}") = "Caculadora Fatorial", "Caculadora Fatorial\Caculadora Fatorial.csproj", "{7C0F1B5F-9E9A-4700-9013-6468371FA620}"
EndProject
Global
	GlobalSection(SolutionConfigurationPlatforms) = preSolution
		Debug|Any CPU = Debug|Any CPU
		Release|Any CPU = Release|Any CPU
	EndGlobalSection
	GlobalSection(ProjectConfigurationPlatforms) = postSolution
		{7C0F1B5F-9E9A-4700-9013-6468371FA620}.Debug|Any CPU.ActiveCfg = Debug|Any CPU
		{7C0F1B5F-9E9A-4700-9013-6468371FA620}.Debug|Any CPU.Build.0 = Debug|Any CPU
		{7C0F1B5F-9E9A-4700-9013-6468371FA620}.Release|Any CPU.ActiveCfg = Release|Any CPU
		{7C0F1B5F-9E9A-4700-9013-6468371FA620}.Release|Any CPU.Build.0 = Release|Any CPU
	EndGlobalSection
	GlobalSection(SolutionProperties) = preSolution
		HideSolutionNode = FALSE
	EndGlobalSection
EndGlobal
